
Microsoft Visual Studio Solution File, Format Version 12.00
# Visual Studio Version 16
VisualStudioVersion = 16.0.29209.62
MinimumVisualStudioVersion = 10.0.40219.1
Project("{FAE04EC0-301F-11D3-BF4B-00C04F79EFBC}") = "Xbox.Ambassadors", "Xbox.Ambassadors\Xbox.Ambassadors.csproj", "{75C86C14-3BDE-4E4A-9465-94B486229E7A}"
EndProject
Project("{9A19103F-16F7-4668-BE54-9A1E7A4F7556}") = "Microsoft.Xbox.Ambassadors.API", "Microsoft.Xbox.Ambassadors.API\Microsoft.Xbox.Ambassadors.API.csproj", "{BCF04BC8-9EF4-4A6C-8628-F702785FF175}"
EndProject
Project("{FAE04EC0-301F-11D3-BF4B-00C04F79EFBC}") = "Xbox.Ambassadors.Mobile.Android", "Xbox.Ambassadors.Mobile\Xbox.Ambassadors.Mobile.Android\Xbox.Ambassadors.Mobile.Android.csproj", "{D12ACF33-E5D1-4CB7-9FEE-0495FB74DFE0}"
EndProject
Project("{FAE04EC0-301F-11D3-BF4B-00C04F79EFBC}") = "Xbox.Ambassadors.Mobile.iOS", "Xbox.Ambassadors.Mobile\Xbox.Ambassadors.Mobile.iOS\Xbox.Ambassadors.Mobile.iOS.csproj", "{6251F718-C9BF-4E3E-8096-ABB38B6042AC}"
EndProject
Project("{9A19103F-16F7-4668-BE54-9A1E7A4F7556}") = "Xbox.Ambassadors.Mobile", "Xbox.Ambassadors.Mobile\Xbox.Ambassadors.Mobile\Xbox.Ambassadors.Mobile.csproj", "{B8991B37-FF6F-447F-B79B-7BF1B382507F}"
EndProject
Project("{FAE04EC0-301F-11D3-BF4B-00C04F79EFBC}") = "Xbox.Ambassadors.BackgroundTasks", "Xbox.Ambassadors.BackgroundTasks\Xbox.Ambassadors.BackgroundTasks.csproj", "{956BAC3D-FE2B-4193-825E-9AD6D7C17DD1}"
EndProject
Global
	GlobalSection(SolutionConfigurationPlatforms) = preSolution
		Debug|Any CPU = Debug|Any CPU
		Debug|ARM = Debug|ARM
		Debug|ARM64 = Debug|ARM64
		Debug|iPhone = Debug|iPhone
		Debug|iPhoneSimulator = Debug|iPhoneSimulator
		Debug|x64 = Debug|x64
		Debug|x86 = Debug|x86
		Release|Any CPU = Release|Any CPU
		Release|ARM = Release|ARM
		Release|ARM64 = Release|ARM64
		Release|iPhone = Release|iPhone
		Release|iPhoneSimulator = Release|iPhoneSimulator
		Release|x64 = Release|x64
		Release|x86 = Release|x86
	EndGlobalSection
	GlobalSection(ProjectConfigurationPlatforms) = postSolution
		{75C86C14-3BDE-4E4A-9465-94B486229E7A}.Debug|Any CPU.ActiveCfg = Debug|x86
		{75C86C14-3BDE-4E4A-9465-94B486229E7A}.Debug|Any CPU.Build.0 = Debug|x86
		{75C86C14-3BDE-4E4A-9465-94B486229E7A}.Debug|Any CPU.Deploy.0 = Debug|x86
		{75C86C14-3BDE-4E4A-9465-94B486229E7A}.Debug|ARM.ActiveCfg = Debug|ARM
		{75C86C14-3BDE-4E4A-9465-94B486229E7A}.Debug|ARM.Build.0 = Debug|ARM
		{75C86C14-3BDE-4E4A-9465-94B486229E7A}.Debug|ARM.Deploy.0 = Debug|ARM
		{75C86C14-3BDE-4E4A-9465-94B486229E7A}.Debug|ARM64.ActiveCfg = Debug|ARM64
		{75C86C14-3BDE-4E4A-9465-94B486229E7A}.Debug|ARM64.Build.0 = Debug|ARM64
		{75C86C14-3BDE-4E4A-9465-94B486229E7A}.Debug|ARM64.Deploy.0 = Debug|ARM64
		{75C86C14-3BDE-4E4A-9465-94B486229E7A}.Debug|iPhone.ActiveCfg = Debug|x86
		{75C86C14-3BDE-4E4A-9465-94B486229E7A}.Debug|iPhoneSimulator.ActiveCfg = Debug|x86
		{75C86C14-3BDE-4E4A-9465-94B486229E7A}.Debug|x64.ActiveCfg = Debug|x64
		{75C86C14-3BDE-4E4A-9465-94B486229E7A}.Debug|x64.Build.0 = Debug|x64
		{75C86C14-3BDE-4E4A-9465-94B486229E7A}.Debug|x64.Deploy.0 = Debug|x64
		{75C86C14-3BDE-4E4A-9465-94B486229E7A}.Debug|x86.ActiveCfg = Debug|x86
		{75C86C14-3BDE-4E4A-9465-94B486229E7A}.Debug|x86.Build.0 = Debug|x86
		{75C86C14-3BDE-4E4A-9465-94B486229E7A}.Debug|x86.Deploy.0 = Debug|x86
		{75C86C14-3BDE-4E4A-9465-94B486229E7A}.Release|Any CPU.ActiveCfg = Release|x86
		{75C86C14-3BDE-4E4A-9465-94B486229E7A}.Release|Any CPU.Build.0 = Release|x86
		{75C86C14-3BDE-4E4A-9465-94B486229E7A}.Release|ARM.ActiveCfg = Release|ARM
		{75C86C14-3BDE-4E4A-9465-94B486229E7A}.Release|ARM.Build.0 = Release|ARM
		{75C86C14-3BDE-4E4A-9465-94B486229E7A}.Release|ARM.Deploy.0 = Release|ARM
		{75C86C14-3BDE-4E4A-9465-94B486229E7A}.Release|ARM64.ActiveCfg = Release|ARM64
		{75C86C14-3BDE-4E4A-9465-94B486229E7A}.Release|ARM64.Build.0 = Release|ARM64
		{75C86C14-3BDE-4E4A-9465-94B486229E7A}.Release|ARM64.Deploy.0 = Release|ARM64
		{75C86C14-3BDE-4E4A-9465-94B486229E7A}.Release|iPhone.ActiveCfg = Release|x86
		{75C86C14-3BDE-4E4A-9465-94B486229E7A}.Release|iPhoneSimulator.ActiveCfg = Release|x86
		{75C86C14-3BDE-4E4A-9465-94B486229E7A}.Release|x64.ActiveCfg = Release|x64
		{75C86C14-3BDE-4E4A-9465-94B486229E7A}.Release|x64.Build.0 = Release|x64
		{75C86C14-3BDE-4E4A-9465-94B486229E7A}.Release|x64.Deploy.0 = Release|x64
		{75C86C14-3BDE-4E4A-9465-94B486229E7A}.Release|x86.ActiveCfg = Release|x86
		{75C86C14-3BDE-4E4A-9465-94B486229E7A}.Release|x86.Build.0 = Release|x86
		{75C86C14-3BDE-4E4A-9465-94B486229E7A}.Release|x86.Deploy.0 = Release|x86
		{BCF04BC8-9EF4-4A6C-8628-F702785FF175}.Debug|Any CPU.ActiveCfg = Debug|Any CPU
		{BCF04BC8-9EF4-4A6C-8628-F702785FF175}.Debug|Any CPU.Build.0 = Debug|Any CPU
		{BCF04BC8-9EF4-4A6C-8628-F702785FF175}.Debug|ARM.ActiveCfg = Debug|Any CPU
		{BCF04BC8-9EF4-4A6C-8628-F702785FF175}.Debug|ARM.Build.0 = Debug|Any CPU
		{BCF04BC8-9EF4-4A6C-8628-F702785FF175}.Debug|ARM64.ActiveCfg = Debug|Any CPU
		{BCF04BC8-9EF4-4A6C-8628-F702785FF175}.Debug|ARM64.Build.0 = Debug|Any CPU
		{BCF04BC8-9EF4-4A6C-8628-F702785FF175}.Debug|iPhone.ActiveCfg = Debug|Any CPU
		{BCF04BC8-9EF4-4A6C-8628-F702785FF175}.Debug|iPhone.Build.0 = Debug|Any CPU
		{BCF04BC8-9EF4-4A6C-8628-F702785FF175}.Debug|iPhoneSimulator.ActiveCfg = Debug|Any CPU
		{BCF04BC8-9EF4-4A6C-8628-F702785FF175}.Debug|iPhoneSimulator.Build.0 = Debug|Any CPU
		{BCF04BC8-9EF4-4A6C-8628-F702785FF175}.Debug|x64.ActiveCfg = Debug|Any CPU
		{BCF04BC8-9EF4-4A6C-8628-F702785FF175}.Debug|x64.Build.0 = Debug|Any CPU
		{BCF04BC8-9EF4-4A6C-8628-F702785FF175}.Debug|x86.ActiveCfg = Debug|Any CPU
		{BCF04BC8-9EF4-4A6C-8628-F702785FF175}.Debug|x86.Build.0 = Debug|Any CPU
		{BCF04BC8-9EF4-4A6C-8628-F702785FF175}.Release|Any CPU.ActiveCfg = Release|Any CPU
		{BCF04BC8-9EF4-4A6C-8628-F702785FF175}.Release|Any CPU.Build.0 = Release|Any CPU
		{BCF04BC8-9EF4-4A6C-8628-F702785FF175}.Release|ARM.ActiveCfg = Release|Any CPU
		{BCF04BC8-9EF4-4A6C-8628-F702785FF175}.Release|ARM.Build.0 = Release|Any CPU
		{BCF04BC8-9EF4-4A6C-8628-F702785FF175}.Release|ARM64.ActiveCfg = Release|Any CPU
		{BCF04BC8-9EF4-4A6C-8628-F702785FF175}.Release|ARM64.Build.0 = Release|Any CPU
		{BCF04BC8-9EF4-4A6C-8628-F702785FF175}.Release|iPhone.ActiveCfg = Release|Any CPU
		{BCF04BC8-9EF4-4A6C-8628-F702785FF175}.Release|iPhone.Build.0 = Release|Any CPU
		{BCF04BC8-9EF4-4A6C-8628-F702785FF175}.Release|iPhoneSimulator.ActiveCfg = Release|Any CPU
		{BCF04BC8-9EF4-4A6C-8628-F702785FF175}.Release|iPhoneSimulator.Build.0 = Release|Any CPU
		{BCF04BC8-9EF4-4A6C-8628-F702785FF175}.Release|x64.ActiveCfg = Release|Any CPU
		{BCF04BC8-9EF4-4A6C-8628-F702785FF175}.Release|x64.Build.0 = Release|Any CPU
		{BCF04BC8-9EF4-4A6C-8628-F702785FF175}.Release|x86.ActiveCfg = Release|Any CPU
		{BCF04BC8-9EF4-4A6C-8628-F702785FF175}.Release|x86.Build.0 = Release|Any CPU
		{D12ACF33-E5D1-4CB7-9FEE-0495FB74DFE0}.Debug|Any CPU.ActiveCfg = Debug|Any CPU
		{D12ACF33-E5D1-4CB7-9FEE-0495FB74DFE0}.Debug|Any CPU.Build.0 = Debug|Any CPU
		{D12ACF33-E5D1-4CB7-9FEE-0495FB74DFE0}.Debug|Any CPU.Deploy.0 = Debug|Any CPU
		{D12ACF33-E5D1-4CB7-9FEE-0495FB74DFE0}.Debug|ARM.ActiveCfg = Debug|Any CPU
		{D12ACF33-E5D1-4CB7-9FEE-0495FB74DFE0}.Debug|ARM.Build.0 = Debug|Any CPU
		{D12ACF33-E5D1-4CB7-9FEE-0495FB74DFE0}.Debug|ARM.Deploy.0 = Debug|Any CPU
		{D12ACF33-E5D1-4CB7-9FEE-0495FB74DFE0}.Debug|ARM64.ActiveCfg = Debug|Any CPU
		{D12ACF33-E5D1-4CB7-9FEE-0495FB74DFE0}.Debug|ARM64.Build.0 = Debug|Any CPU
		{D12ACF33-E5D1-4CB7-9FEE-0495FB74DFE0}.Debug|ARM64.Deploy.0 = Debug|Any CPU
		{D12ACF33-E5D1-4CB7-9FEE-0495FB74DFE0}.Debug|iPhone.ActiveCfg = Debug|Any CPU
		{D12ACF33-E5D1-4CB7-9FEE-0495FB74DFE0}.Debug|iPhone.Build.0 = Debug|Any CPU
		{D12ACF33-E5D1-4CB7-9FEE-0495FB74DFE0}.Debug|iPhone.Deploy.0 = Debug|Any CPU
		{D12ACF33-E5D1-4CB7-9FEE-0495FB74DFE0}.Debug|iPhoneSimulator.ActiveCfg = Debug|Any CPU
		{D12ACF33-E5D1-4CB7-9FEE-0495FB74DFE0}.Debug|iPhoneSimulator.Build.0 = Debug|Any CPU
		{D12ACF33-E5D1-4CB7-9FEE-0495FB74DFE0}.Debug|iPhoneSimulator.Deploy.0 = Debug|Any CPU
		{D12ACF33-E5D1-4CB7-9FEE-0495FB74DFE0}.Debug|x64.ActiveCfg = Debug|Any CPU
		{D12ACF33-E5D1-4CB7-9FEE-0495FB74DFE0}.Debug|x64.Build.0 = Debug|Any CPU
		{D12ACF33-E5D1-4CB7-9FEE-0495FB74DFE0}.Debug|x64.Deploy.0 = Debug|Any CPU
		{D12ACF33-E5D1-4CB7-9FEE-0495FB74DFE0}.Debug|x86.ActiveCfg = Debug|Any CPU
		{D12ACF33-E5D1-4CB7-9FEE-0495FB74DFE0}.Debug|x86.Build.0 = Debug|Any CPU
		{D12ACF33-E5D1-4CB7-9FEE-0495FB74DFE0}.Debug|x86.Deploy.0 = Debug|Any CPU
		{D12ACF33-E5D1-4CB7-9FEE-0495FB74DFE0}.Release|Any CPU.ActiveCfg = Release|Any CPU
		{D12ACF33-E5D1-4CB7-9FEE-0495FB74DFE0}.Release|Any CPU.Build.0 = Release|Any CPU
		{D12ACF33-E5D1-4CB7-9FEE-0495FB74DFE0}.Release|Any CPU.Deploy.0 = Release|Any CPU
		{D12ACF33-E5D1-4CB7-9FEE-0495FB74DFE0}.Release|ARM.ActiveCfg = Release|Any CPU
		{D12ACF33-E5D1-4CB7-9FEE-0495FB74DFE0}.Release|ARM.Build.0 = Release|Any CPU
		{D12ACF33-E5D1-4CB7-9FEE-0495FB74DFE0}.Release|ARM.Deploy.0 = Release|Any CPU
		{D12ACF33-E5D1-4CB7-9FEE-0495FB74DFE0}.Release|ARM64.ActiveCfg = Release|Any CPU
		{D12ACF33-E5D1-4CB7-9FEE-0495FB74DFE0}.Release|ARM64.Build.0 = Release|Any CPU
		{D12ACF33-E5D1-4CB7-9FEE-0495FB74DFE0}.Release|ARM64.Deploy.0 = Release|Any CPU
		{D12ACF33-E5D1-4CB7-9FEE-0495FB74DFE0}.Release|iPhone.ActiveCfg = Release|Any CPU
		{D12ACF33-E5D1-4CB7-9FEE-0495FB74DFE0}.Release|iPhone.Build.0 = Release|Any CPU
		{D12ACF33-E5D1-4CB7-9FEE-0495FB74DFE0}.Release|iPhone.Deploy.0 = Release|Any CPU
		{D12ACF33-E5D1-4CB7-9FEE-0495FB74DFE0}.Release|iPhoneSimulator.ActiveCfg = Release|Any CPU
		{D12ACF33-E5D1-4CB7-9FEE-0495FB74DFE0}.Release|iPhoneSimulator.Build.0 = Release|Any CPU
		{D12ACF33-E5D1-4CB7-9FEE-0495FB74DFE0}.Release|iPhoneSimulator.Deploy.0 = Release|Any CPU
		{D12ACF33-E5D1-4CB7-9FEE-0495FB74DFE0}.Release|x64.ActiveCfg = Release|Any CPU
		{D12ACF33-E5D1-4CB7-9FEE-0495FB74DFE0}.Release|x64.Build.0 = Release|Any CPU
		{D12ACF33-E5D1-4CB7-9FEE-0495FB74DFE0}.Release|x64.Deploy.0 = Release|Any CPU
		{D12ACF33-E5D1-4CB7-9FEE-0495FB74DFE0}.Release|x86.ActiveCfg = Release|Any CPU
		{D12ACF33-E5D1-4CB7-9FEE-0495FB74DFE0}.Release|x86.Build.0 = Release|Any CPU
		{D12ACF33-E5D1-4CB7-9FEE-0495FB74DFE0}.Release|x86.Deploy.0 = Release|Any CPU
		{6251F718-C9BF-4E3E-8096-ABB38B6042AC}.Debug|Any CPU.ActiveCfg = Debug|iPhone
		{6251F718-C9BF-4E3E-8096-ABB38B6042AC}.Debug|ARM.ActiveCfg = Debug|iPhone
		{6251F718-C9BF-4E3E-8096-ABB38B6042AC}.Debug|ARM64.ActiveCfg = Debug|iPhone
		{6251F718-C9BF-4E3E-8096-ABB38B6042AC}.Debug|iPhone.ActiveCfg = Debug|iPhone
		{6251F718-C9BF-4E3E-8096-ABB38B6042AC}.Debug|iPhone.Build.0 = Debug|iPhone
		{6251F718-C9BF-4E3E-8096-ABB38B6042AC}.Debug|iPhoneSimulator.ActiveCfg = Debug|iPhoneSimulator
		{6251F718-C9BF-4E3E-8096-ABB38B6042AC}.Debug|iPhoneSimulator.Build.0 = Debug|iPhoneSimulator
		{6251F718-C9BF-4E3E-8096-ABB38B6042AC}.Debug|x64.ActiveCfg = Debug|iPhone
		{6251F718-C9BF-4E3E-8096-ABB38B6042AC}.Debug|x86.ActiveCfg = Debug|iPhone
		{6251F718-C9BF-4E3E-8096-ABB38B6042AC}.Release|Any CPU.ActiveCfg = Release|iPhone
		{6251F718-C9BF-4E3E-8096-ABB38B6042AC}.Release|ARM.ActiveCfg = Release|iPhone
		{6251F718-C9BF-4E3E-8096-ABB38B6042AC}.Release|ARM64.ActiveCfg = Release|iPhone
		{6251F718-C9BF-4E3E-8096-ABB38B6042AC}.Release|iPhone.ActiveCfg = Release|iPhone
		{6251F718-C9BF-4E3E-8096-ABB38B6042AC}.Release|iPhone.Build.0 = Release|iPhone
		{6251F718-C9BF-4E3E-8096-ABB38B6042AC}.Release|iPhoneSimulator.ActiveCfg = Release|iPhoneSimulator
		{6251F718-C9BF-4E3E-8096-ABB38B6042AC}.Release|iPhoneSimulator.Build.0 = Release|iPhoneSimulator
		{6251F718-C9BF-4E3E-8096-ABB38B6042AC}.Release|x64.ActiveCfg = Release|iPhone
		{6251F718-C9BF-4E3E-8096-ABB38B6042AC}.Release|x86.ActiveCfg = Release|iPhone
		{B8991B37-FF6F-447F-B79B-7BF1B382507F}.Debug|Any CPU.ActiveCfg = Debug|Any CPU
		{B8991B37-FF6F-447F-B79B-7BF1B382507F}.Debug|Any CPU.Build.0 = Debug|Any CPU
		{B8991B37-FF6F-447F-B79B-7BF1B382507F}.Debug|ARM.ActiveCfg = Debug|Any CPU
		{B8991B37-FF6F-447F-B79B-7BF1B382507F}.Debug|ARM.Build.0 = Debug|Any CPU
		{B8991B37-FF6F-447F-B79B-7BF1B382507F}.Debug|ARM64.ActiveCfg = Debug|Any CPU
		{B8991B37-FF6F-447F-B79B-7BF1B382507F}.Debug|ARM64.Build.0 = Debug|Any CPU
		{B8991B37-FF6F-447F-B79B-7BF1B382507F}.Debug|iPhone.ActiveCfg = Debug|Any CPU
		{B8991B37-FF6F-447F-B79B-7BF1B382507F}.Debug|iPhone.Build.0 = Debug|Any CPU
		{B8991B37-FF6F-447F-B79B-7BF1B382507F}.Debug|iPhoneSimulator.ActiveCfg = Debug|Any CPU
		{B8991B37-FF6F-447F-B79B-7BF1B382507F}.Debug|iPhoneSimulator.Build.0 = Debug|Any CPU
		{B8991B37-FF6F-447F-B79B-7BF1B382507F}.Debug|x64.ActiveCfg = Debug|Any CPU
		{B8991B37-FF6F-447F-B79B-7BF1B382507F}.Debug|x64.Build.0 = Debug|Any CPU
		{B8991B37-FF6F-447F-B79B-7BF1B382507F}.Debug|x86.ActiveCfg = Debug|Any CPU
		{B8991B37-FF6F-447F-B79B-7BF1B382507F}.Debug|x86.Build.0 = Debug|Any CPU
		{B8991B37-FF6F-447F-B79B-7BF1B382507F}.Release|Any CPU.ActiveCfg = Release|Any CPU
		{B8991B37-FF6F-447F-B79B-7BF1B382507F}.Release|Any CPU.Build.0 = Release|Any CPU
		{B8991B37-FF6F-447F-B79B-7BF1B382507F}.Release|ARM.ActiveCfg = Release|Any CPU
		{B8991B37-FF6F-447F-B79B-7BF1B382507F}.Release|ARM.Build.0 = Release|Any CPU
		{B8991B37-FF6F-447F-B79B-7BF1B382507F}.Release|ARM64.ActiveCfg = Release|Any CPU
		{B8991B37-FF6F-447F-B79B-7BF1B382507F}.Release|ARM64.Build.0 = Release|Any CPU
		{B8991B37-FF6F-447F-B79B-7BF1B382507F}.Release|iPhone.ActiveCfg = Release|Any CPU
		{B8991B37-FF6F-447F-B79B-7BF1B382507F}.Release|iPhone.Build.0 = Release|Any CPU
		{B8991B37-FF6F-447F-B79B-7BF1B382507F}.Release|iPhoneSimulator.ActiveCfg = Release|Any CPU
		{B8991B37-FF6F-447F-B79B-7BF1B382507F}.Release|iPhoneSimulator.Build.0 = Release|Any CPU
		{B8991B37-FF6F-447F-B79B-7BF1B382507F}.Release|x64.ActiveCfg = Release|Any CPU
		{B8991B37-FF6F-447F-B79B-7BF1B382507F}.Release|x64.Build.0 = Release|Any CPU
		{B8991B37-FF6F-447F-B79B-7BF1B382507F}.Release|x86.ActiveCfg = Release|Any CPU
		{B8991B37-FF6F-447F-B79B-7BF1B382507F}.Release|x86.Build.0 = Release|Any CPU
		{956BAC3D-FE2B-4193-825E-9AD6D7C17DD1}.Debug|Any CPU.ActiveCfg = Debug|Any CPU
		{956BAC3D-FE2B-4193-825E-9AD6D7C17DD1}.Debug|Any CPU.Build.0 = Debug|Any CPU
		{956BAC3D-FE2B-4193-825E-9AD6D7C17DD1}.Debug|ARM.ActiveCfg = Debug|ARM
		{956BAC3D-FE2B-4193-825E-9AD6D7C17DD1}.Debug|ARM.Build.0 = Debug|ARM
		{956BAC3D-FE2B-4193-825E-9AD6D7C17DD1}.Debug|ARM64.ActiveCfg = Debug|ARM64
		{956BAC3D-FE2B-4193-825E-9AD6D7C17DD1}.Debug|ARM64.Build.0 = Debug|ARM64
		{956BAC3D-FE2B-4193-825E-9AD6D7C17DD1}.Debug|iPhone.ActiveCfg = Debug|Any CPU
		{956BAC3D-FE2B-4193-825E-9AD6D7C17DD1}.Debug|iPhone.Build.0 = Debug|Any CPU
		{956BAC3D-FE2B-4193-825E-9AD6D7C17DD1}.Debug|iPhoneSimulator.ActiveCfg = Debug|Any CPU
		{956BAC3D-FE2B-4193-825E-9AD6D7C17DD1}.Debug|iPhoneSimulator.Build.0 = Debug|Any CPU
		{956BAC3D-FE2B-4193-825E-9AD6D7C17DD1}.Debug|x64.ActiveCfg = Debug|x64
		{956BAC3D-FE2B-4193-825E-9AD6D7C17DD1}.Debug|x64.Build.0 = Debug|x64
		{956BAC3D-FE2B-4193-825E-9AD6D7C17DD1}.Debug|x86.ActiveCfg = Debug|x86
		{956BAC3D-FE2B-4193-825E-9AD6D7C17DD1}.Debug|x86.Build.0 = Debug|x86
		{956BAC3D-FE2B-4193-825E-9AD6D7C17DD1}.Release|Any CPU.ActiveCfg = Release|Any CPU
		{956BAC3D-FE2B-4193-825E-9AD6D7C17DD1}.Release|Any CPU.Build.0 = Release|Any CPU
		{956BAC3D-FE2B-4193-825E-9AD6D7C17DD1}.Release|ARM.ActiveCfg = Release|ARM
		{956BAC3D-FE2B-4193-825E-9AD6D7C17DD1}.Release|ARM.Build.0 = Release|ARM
		{956BAC3D-FE2B-4193-825E-9AD6D7C17DD1}.Release|ARM64.ActiveCfg = Release|ARM64
		{956BAC3D-FE2B-4193-825E-9AD6D7C17DD1}.Release|ARM64.Build.0 = Release|ARM64
		{956BAC3D-FE2B-4193-825E-9AD6D7C17DD1}.Release|iPhone.ActiveCfg = Release|Any CPU
		{956BAC3D-FE2B-4193-825E-9AD6D7C17DD1}.Release|iPhone.Build.0 = Release|Any CPU
		{956BAC3D-FE2B-4193-825E-9AD6D7C17DD1}.Release|iPhoneSimulator.ActiveCfg = Release|Any CPU
		{956BAC3D-FE2B-4193-825E-9AD6D7C17DD1}.Release|iPhoneSimulator.Build.0 = Release|Any CPU
		{956BAC3D-FE2B-4193-825E-9AD6D7C17DD1}.Release|x64.ActiveCfg = Release|x64
		{956BAC3D-FE2B-4193-825E-9AD6D7C17DD1}.Release|x64.Build.0 = Release|x64
		{956BAC3D-FE2B-4193-825E-9AD6D7C17DD1}.Release|x86.ActiveCfg = Release|x86
		{956BAC3D-FE2B-4193-825E-9AD6D7C17DD1}.Release|x86.Build.0 = Release|x86
	EndGlobalSection
	GlobalSection(SolutionProperties) = preSolution
		HideSolutionNode = FALSE
	EndGlobalSection
	GlobalSection(ExtensibilityGlobals) = postSolution
		SolutionGuid = {6AB337A7-7ECF-4EAB-98BC-AD3994F1134E}
	EndGlobalSection
EndGlobal
